{
  "name": "@georgedoescode/generative-utils",
  "version": "1.0.6",
  "lockfileVersion": 1,
  "requires": true,
  "dependencies": {
    "@timohausmann/quadtree-js": {
      "version": "1.2.4",
      "resolved": "https://registry.npmjs.org/@timohausmann/quadtree-js/-/quadtree-js-1.2.4.tgz",
      "integrity": "sha512-klCMFHh1ooZhpAPBwa8hq/ek6KwwfDWo7vxbtatejfdOFVlWE5PFWv+R6RzWT1JNYJhynuZCDTzgTkP4Wg2T5w=="
    },
    "esbuild": {
      "version": "0.12.9",
      "resolved": "https://registry.npmjs.org/esbuild/-/esbuild-0.12.9.tgz",
      "integrity": "sha512-MWRhAbMOJ9RJygCrt778rz/qNYgA4ZVj6aXnNPxFjs7PmIpb0fuB9Gmg5uWrr6n++XKwwm/RmSz6RR5JL2Ocsw==",
      "dev": true
    }
  }
}
